// !$*UTF8*$!
{
	archiveVersion = 1;
	classes = {
	};
	objectVersion = 50;
	objects = {

/* Begin PBXBuildFile section */
		3352338C2452768E0056EA8E /* AppDelegate.swift in Sources */ = {isa = PBXBuildFile; fileRef = 3352338B2452768E0056EA8E /* AppDelegate.swift */; };
		3352338E2452768E0056EA8E /* SceneDelegate.swift in Sources */ = {isa = PBXBuildFile; fileRef = 3352338D2452768E0056EA8E /* SceneDelegate.swift */; };
		335233902452768E0056EA8E /* HomeVC.swift in Sources */ = {isa = PBXBuildFile; fileRef = 3352338F2452768E0056EA8E /* HomeVC.swift */; };
		335233932452768E0056EA8E /* Main.storyboard in Resources */ = {isa = PBXBuildFile; fileRef = 335233912452768E0056EA8E /* Main.storyboard */; };
		335233952452768F0056EA8E /* Assets.xcassets in Resources */ = {isa = PBXBuildFile; fileRef = 335233942452768F0056EA8E /* Assets.xcassets */; };
		335233982452768F0056EA8E /* LaunchScreen.storyboard in Resources */ = {isa = PBXBuildFile; fileRef = 335233962452768F0056EA8E /* LaunchScreen.storyboard */; };
		335233B92452803C0056EA8E /* SettingsService.swift in Sources */ = {isa = PBXBuildFile; fileRef = 335233A62452803C0056EA8E /* SettingsService.swift */; };
		335233BA2452803C0056EA8E /* UIImageView+extensions.swift in Sources */ = {isa = PBXBuildFile; fileRef = 335233A82452803C0056EA8E /* UIImageView+extensions.swift */; };
		335233BB2452803C0056EA8E /* UIViewController+extensions.swift in Sources */ = {isa = PBXBuildFile; fileRef = 335233A92452803C0056EA8E /* UIViewController+extensions.swift */; };
		335233BC2452803C0056EA8E /* UIButton+extensions.swift in Sources */ = {isa = PBXBuildFile; fileRef = 335233AA2452803C0056EA8E /* UIButton+extensions.swift */; };
		335233BD2452803C0056EA8E /* UIView+extensions.swift in Sources */ = {isa = PBXBuildFile; fileRef = 335233AB2452803C0056EA8E /* UIView+extensions.swift */; };
		335233BE2452803C0056EA8E /* UITabBarController+extensions.swift in Sources */ = {isa = PBXBuildFile; fileRef = 335233AC2452803C0056EA8E /* UITabBarController+extensions.swift */; };
		335233BF2452803C0056EA8E /* UIColor+extensions.swift in Sources */ = {isa = PBXBuildFile; fileRef = 335233AD2452803C0056EA8E /* UIColor+extensions.swift */; };
		335233C02452803C0056EA8E /* UIBarButton+extensions.swift in Sources */ = {isa = PBXBuildFile; fileRef = 335233AE2452803C0056EA8E /* UIBarButton+extensions.swift */; };
		335233C12452803C0056EA8E /* UINavigationController+extensions.swift in Sources */ = {isa = PBXBuildFile; fileRef = 335233AF2452803C0056EA8E /* UINavigationController+extensions.swift */; };
		335233C22452803C0056EA8E /* NSObject+extensions.swift in Sources */ = {isa = PBXBuildFile; fileRef = 335233B02452803C0056EA8E /* NSObject+extensions.swift */; };
		335233C32452803C0056EA8E /* UIStackView+extensions.swift in Sources */ = {isa = PBXBuildFile; fileRef = 335233B12452803C0056EA8E /* UIStackView+extensions.swift */; };
		335233C42452803C0056EA8E /* UILayoutGuide+extensions.swift in Sources */ = {isa = PBXBuildFile; fileRef = 335233B22452803C0056EA8E /* UILayoutGuide+extensions.swift */; };
		335233C52452803C0056EA8E /* UIScrollView+extensions.swift in Sources */ = {isa = PBXBuildFile; fileRef = 335233B32452803C0056EA8E /* UIScrollView+extensions.swift */; };
		335233C62452803C0056EA8E /* Date+extensions.swift in Sources */ = {isa = PBXBuildFile; fileRef = 335233B42452803C0056EA8E /* Date+extensions.swift */; };
		335233C72452803C0056EA8E /* UITextField+extensions.swift in Sources */ = {isa = PBXBuildFile; fileRef = 335233B52452803C0056EA8E /* UITextField+extensions.swift */; };
		335233C82452803C0056EA8E /* Constants.swift in Sources */ = {isa = PBXBuildFile; fileRef = 335233B62452803C0056EA8E /* Constants.swift */; };
		335233C92452803C0056EA8E /* Service.swift in Sources */ = {isa = PBXBuildFile; fileRef = 335233B72452803C0056EA8E /* Service.swift */; };
		335233CA2452803C0056EA8E /* PersistenceLayer.swift in Sources */ = {isa = PBXBuildFile; fileRef = 335233B82452803C0056EA8E /* PersistenceLayer.swift */; };
		335233CC2452821E0056EA8E /* NewsListVC.swift in Sources */ = {isa = PBXBuildFile; fileRef = 335233CB2452821E0056EA8E /* NewsListVC.swift */; };
		335233CE2452822C0056EA8E /* NewsDetailVC.swift in Sources */ = {isa = PBXBuildFile; fileRef = 335233CD2452822C0056EA8E /* NewsDetailVC.swift */; };
		335233D02452CA200056EA8E /* Coordinator.swift in Sources */ = {isa = PBXBuildFile; fileRef = 335233CF2452CA200056EA8E /* Coordinator.swift */; };
		335233D22452CAF50056EA8E /* Storyboarded.swift in Sources */ = {isa = PBXBuildFile; fileRef = 335233D12452CAF50056EA8E /* Storyboarded.swift */; };
		335233D62452CD5A0056EA8E /* MainCoordinator.swift in Sources */ = {isa = PBXBuildFile; fileRef = 335233D52452CD5A0056EA8E /* MainCoordinator.swift */; };
		335233D8245372450056EA8E /* News.swift in Sources */ = {isa = PBXBuildFile; fileRef = 335233D7245372450056EA8E /* News.swift */; };
		335233DA245372A70056EA8E /* NewsCell.swift in Sources */ = {isa = PBXBuildFile; fileRef = 335233D9245372A70056EA8E /* NewsCell.swift */; };
		335233DC245372B70056EA8E /* CategoryCell.swift in Sources */ = {isa = PBXBuildFile; fileRef = 335233DB245372B70056EA8E /* CategoryCell.swift */; };
		335233DE2453744D0056EA8E /* Category.swift in Sources */ = {isa = PBXBuildFile; fileRef = 335233DD2453744D0056EA8E /* Category.swift */; };
		335233E02453C1970056EA8E /* CategoryFlowLayout.swift in Sources */ = {isa = PBXBuildFile; fileRef = 335233DF2453C1970056EA8E /* CategoryFlowLayout.swift */; };
/* End PBXBuildFile section */

/* Begin PBXFileReference section */
		335233882452768E0056EA8E /* NewsApp.app */ = {isa = PBXFileReference; explicitFileType = wrapper.application; includeInIndex = 0; path = NewsApp.app; sourceTree = BUILT_PRODUCTS_DIR; };
		3352338B2452768E0056EA8E /* AppDelegate.swift */ = {isa = PBXFileReference; lastKnownFileType = sourcecode.swift; path = AppDelegate.swift; sourceTree = "<group>"; };
		3352338D2452768E0056EA8E /* SceneDelegate.swift */ = {isa = PBXFileReference; lastKnownFileType = sourcecode.swift; path = SceneDelegate.swift; sourceTree = "<group>"; };
		3352338F2452768E0056EA8E /* HomeVC.swift */ = {isa = PBXFileReference; lastKnownFileType = sourcecode.swift; path = HomeVC.swift; sourceTree = "<group>"; };
		335233922452768E0056EA8E /* Base */ = {isa = PBXFileReference; lastKnownFileType = file.storyboard; name = Base; path = Base.lproj/Main.storyboard; sourceTree = "<group>"; };
		335233942452768F0056EA8E /* Assets.xcassets */ = {isa = PBXFileReference; lastKnownFileType = folder.assetcatalog; path = Assets.xcassets; sourceTree = "<group>"; };
		335233972452768F0056EA8E /* Base */ = {isa = PBXFileReference; lastKnownFileType = file.storyboard; name = Base; path = Base.lproj/LaunchScreen.storyboard; sourceTree = "<group>"; };
		335233992452768F0056EA8E /* Info.plist */ = {isa = PBXFileReference; lastKnownFileType = text.plist.xml; path = Info.plist; sourceTree = "<group>"; };
		335233A62452803C0056EA8E /* SettingsService.swift */ = {isa = PBXFileReference; fileEncoding = 4; lastKnownFileType = sourcecode.swift; path = SettingsService.swift; sourceTree = "<group>"; };
		335233A82452803C0056EA8E /* UIImageView+extensions.swift */ = {isa = PBXFileReference; fileEncoding = 4; lastKnownFileType = sourcecode.swift; path = "UIImageView+extensions.swift"; sourceTree = "<group>"; };
		335233A92452803C0056EA8E /* UIViewController+extensions.swift */ = {isa = PBXFileReference; fileEncoding = 4; lastKnownFileType = sourcecode.swift; path = "UIViewController+extensions.swift"; sourceTree = "<group>"; };
		335233AA2452803C0056EA8E /* UIButton+extensions.swift */ = {isa = PBXFileReference; fileEncoding = 4; lastKnownFileType = sourcecode.swift; path = "UIButton+extensions.swift"; sourceTree = "<group>"; };
		335233AB2452803C0056EA8E /* UIView+extensions.swift */ = {isa = PBXFileReference; fileEncoding = 4; lastKnownFileType = sourcecode.swift; path = "UIView+extensions.swift"; sourceTree = "<group>"; };
		335233AC2452803C0056EA8E /* UITabBarController+extensions.swift */ = {isa = PBXFileReference; fileEncoding = 4; lastKnownFileType = sourcecode.swift; path = "UITabBarController+extensions.swift"; sourceTree = "<group>"; };
		335233AD2452803C0056EA8E /* UIColor+extensions.swift */ = {isa = PBXFileReference; fileEncoding = 4; lastKnownFileType = sourcecode.swift; path = "UIColor+extensions.swift"; sourceTree = "<group>"; };
		335233AE2452803C0056EA8E /* UIBarButton+extensions.swift */ = {isa = PBXFileReference; fileEncoding = 4; lastKnownFileType = sourcecode.swift; path = "UIBarButton+extensions.swift"; sourceTree = "<group>"; };
		335233AF2452803C0056EA8E /* UINavigationController+extensions.swift */ = {isa = PBXFileReference; fileEncoding = 4; lastKnownFileType = sourcecode.swift; path = "UINavigationController+extensions.swift"; sourceTree = "<group>"; };
		335233B02452803C0056EA8E /* NSObject+extensions.swift */ = {isa = PBXFileReference; fileEncoding = 4; lastKnownFileType = sourcecode.swift; path = "NSObject+extensions.swift"; sourceTree = "<group>"; };
		335233B12452803C0056EA8E /* UIStackView+extensions.swift */ = {isa = PBXFileReference; fileEncoding = 4; lastKnownFileType = sourcecode.swift; path = "UIStackView+extensions.swift"; sourceTree = "<group>"; };
		335233B22452803C0056EA8E /* UILayoutGuide+extensions.swift */ = {isa = PBXFileReference; fileEncoding = 4; lastKnownFileType = sourcecode.swift; path = "UILayoutGuide+extensions.swift"; sourceTree = "<group>"; };
		335233B32452803C0056EA8E /* UIScrollView+extensions.swift */ = {isa = PBXFileReference; fileEncoding = 4; lastKnownFileType = sourcecode.swift; path = "UIScrollView+extensions.swift"; sourceTree = "<group>"; };
		335233B42452803C0056EA8E /* Date+extensions.swift */ = {isa = PBXFileReference; fileEncoding = 4; lastKnownFileType = sourcecode.swift; path = "Date+extensions.swift"; sourceTree = "<group>"; };
		335233B52452803C0056EA8E /* UITextField+extensions.swift */ = {isa = PBXFileReference; fileEncoding = 4; lastKnownFileType = sourcecode.swift; path = "UITextField+extensions.swift"; sourceTree = "<group>"; };
		335233B62452803C0056EA8E /* Constants.swift */ = {isa = PBXFileReference; fileEncoding = 4; lastKnownFileType = sourcecode.swift; path = Constants.swift; sourceTree = "<group>"; };
		335233B72452803C0056EA8E /* Service.swift */ = {isa = PBXFileReference; fileEncoding = 4; lastKnownFileType = sourcecode.swift; path = Service.swift; sourceTree = "<group>"; };
		335233B82452803C0056EA8E /* PersistenceLayer.swift */ = {isa = PBXFileReference; fileEncoding = 4; lastKnownFileType = sourcecode.swift; path = PersistenceLayer.swift; sourceTree = "<group>"; };
		335233CB2452821E0056EA8E /* NewsListVC.swift */ = {isa = PBXFileReference; lastKnownFileType = sourcecode.swift; path = NewsListVC.swift; sourceTree = "<group>"; };
		335233CD2452822C0056EA8E /* NewsDetailVC.swift */ = {isa = PBXFileReference; lastKnownFileType = sourcecode.swift; path = NewsDetailVC.swift; sourceTree = "<group>"; };
		335233CF2452CA200056EA8E /* Coordinator.swift */ = {isa = PBXFileReference; lastKnownFileType = sourcecode.swift; path = Coordinator.swift; sourceTree = "<group>"; };
		335233D12452CAF50056EA8E /* Storyboarded.swift */ = {isa = PBXFileReference; lastKnownFileType = sourcecode.swift; path = Storyboarded.swift; sourceTree = "<group>"; };
		335233D52452CD5A0056EA8E /* MainCoordinator.swift */ = {isa = PBXFileReference; lastKnownFileType = sourcecode.swift; path = MainCoordinator.swift; sourceTree = "<group>"; };
		335233D7245372450056EA8E /* News.swift */ = {isa = PBXFileReference; lastKnownFileType = sourcecode.swift; path = News.swift; sourceTree = "<group>"; };
		335233D9245372A70056EA8E /* NewsCell.swift */ = {isa = PBXFileReference; lastKnownFileType = sourcecode.swift; path = NewsCell.swift; sourceTree = "<group>"; };
		335233DB245372B70056EA8E /* CategoryCell.swift */ = {isa = PBXFileReference; lastKnownFileType = sourcecode.swift; path = CategoryCell.swift; sourceTree = "<group>"; };
		335233DD2453744D0056EA8E /* Category.swift */ = {isa = PBXFileReference; lastKnownFileType = sourcecode.swift; path = Category.swift; sourceTree = "<group>"; };
		335233DF2453C1970056EA8E /* CategoryFlowLayout.swift */ = {isa = PBXFileReference; fileEncoding = 4; lastKnownFileType = sourcecode.swift; path = CategoryFlowLayout.swift; sourceTree = "<group>"; };
/* End PBXFileReference section */

/* Begin PBXFrameworksBuildPhase section */
		335233852452768E0056EA8E /* Frameworks */ = {
			isa = PBXFrameworksBuildPhase;
			buildActionMask = 2147483647;
			files = (
			);
			runOnlyForDeploymentPostprocessing = 0;
		};
/* End PBXFrameworksBuildPhase section */

/* Begin PBXGroup section */
		3352337F2452768E0056EA8E = {
			isa = PBXGroup;
			children = (
				3352338A2452768E0056EA8E /* NewsApp */,
				335233892452768E0056EA8E /* Products */,
			);
			sourceTree = "<group>";
		};
		335233892452768E0056EA8E /* Products */ = {
			isa = PBXGroup;
			children = (
				335233882452768E0056EA8E /* NewsApp.app */,
			);
			name = Products;
			sourceTree = "<group>";
		};
		3352338A2452768E0056EA8E /* NewsApp */ = {
			isa = PBXGroup;
			children = (
				3352338B2452768E0056EA8E /* AppDelegate.swift */,
				3352338D2452768E0056EA8E /* SceneDelegate.swift */,
				335233912452768E0056EA8E /* Main.storyboard */,
				335233D32452CD2B0056EA8E /* Coordinators */,
				3352339F24527E1A0056EA8E /* Controllers */,
				335233A024527E230056EA8E /* Models */,
				335233A124527E290056EA8E /* Views */,
				335233A224527E320056EA8E /* Services */,
				335233942452768F0056EA8E /* Assets.xcassets */,
				335233962452768F0056EA8E /* LaunchScreen.storyboard */,
				335233992452768F0056EA8E /* Info.plist */,
			);
			path = NewsApp;
			sourceTree = "<group>";
		};
		3352339F24527E1A0056EA8E /* Controllers */ = {
			isa = PBXGroup;
			children = (
				3352338F2452768E0056EA8E /* HomeVC.swift */,
				335233CB2452821E0056EA8E /* NewsListVC.swift */,
				335233CD2452822C0056EA8E /* NewsDetailVC.swift */,
			);
			path = Controllers;
			sourceTree = "<group>";
		};
		335233A024527E230056EA8E /* Models */ = {
			isa = PBXGroup;
			children = (
				335233D7245372450056EA8E /* News.swift */,
				335233DD2453744D0056EA8E /* Category.swift */,
			);
			path = Models;
			sourceTree = "<group>";
		};
		335233A124527E290056EA8E /* Views */ = {
			isa = PBXGroup;
			children = (
				335233DB245372B70056EA8E /* CategoryCell.swift */,
				335233D9245372A70056EA8E /* NewsCell.swift */,
				335233DF2453C1970056EA8E /* CategoryFlowLayout.swift */,
			);
			path = Views;
			sourceTree = "<group>";
		};
		335233A224527E320056EA8E /* Services */ = {
			isa = PBXGroup;
			children = (
				335233A72452803C0056EA8E /* Extensions */,
				335233B62452803C0056EA8E /* Constants.swift */,
				335233B82452803C0056EA8E /* PersistenceLayer.swift */,
				335233B72452803C0056EA8E /* Service.swift */,
				335233A62452803C0056EA8E /* SettingsService.swift */,
			);
			path = Services;
			sourceTree = "<group>";
		};
		335233A72452803C0056EA8E /* Extensions */ = {
			isa = PBXGroup;
			children = (
				335233A82452803C0056EA8E /* UIImageView+extensions.swift */,
				335233A92452803C0056EA8E /* UIViewController+extensions.swift */,
				335233AA2452803C0056EA8E /* UIButton+extensions.swift */,
				335233AB2452803C0056EA8E /* UIView+extensions.swift */,
				335233AC2452803C0056EA8E /* UITabBarController+extensions.swift */,
				335233AD2452803C0056EA8E /* UIColor+extensions.swift */,
				335233AE2452803C0056EA8E /* UIBarButton+extensions.swift */,
				335233AF2452803C0056EA8E /* UINavigationController+extensions.swift */,
				335233B02452803C0056EA8E /* NSObject+extensions.swift */,
				335233B12452803C0056EA8E /* UIStackView+extensions.swift */,
				335233B22452803C0056EA8E /* UILayoutGuide+extensions.swift */,
				335233B32452803C0056EA8E /* UIScrollView+extensions.swift */,
				335233B42452803C0056EA8E /* Date+extensions.swift */,
				335233B52452803C0056EA8E /* UITextField+extensions.swift */,
			);
			path = Extensions;
			sourceTree = "<group>";
		};
		335233D32452CD2B0056EA8E /* Coordinators */ = {
			isa = PBXGroup;
			children = (
				335233D52452CD5A0056EA8E /* MainCoordinator.swift */,
				335233D42452CD4E0056EA8E /* Protocols */,
			);
			path = Coordinators;
			sourceTree = "<group>";
		};
		335233D42452CD4E0056EA8E /* Protocols */ = {
			isa = PBXGroup;
			children = (
				335233CF2452CA200056EA8E /* Coordinator.swift */,
				335233D12452CAF50056EA8E /* Storyboarded.swift */,
			);
			path = Protocols;
			sourceTree = "<group>";
		};
/* End PBXGroup section */

/* Begin PBXNativeTarget section */
		335233872452768E0056EA8E /* NewsApp */ = {
			isa = PBXNativeTarget;
			buildConfigurationList = 3352339C2452768F0056EA8E /* Build configuration list for PBXNativeTarget "NewsApp" */;
			buildPhases = (
				335233842452768E0056EA8E /* Sources */,
				335233852452768E0056EA8E /* Frameworks */,
				335233862452768E0056EA8E /* Resources */,
			);
			buildRules = (
			);
			dependencies = (
			);
			name = NewsApp;
			productName = NewsApp;
			productReference = 335233882452768E0056EA8E /* NewsApp.app */;
			productType = "com.apple.product-type.application";
		};
/* End PBXNativeTarget section */

/* Begin PBXProject section */
		335233802452768E0056EA8E /* Project object */ = {
			isa = PBXProject;
			attributes = {
				LastSwiftUpdateCheck = 1140;
				LastUpgradeCheck = 1140;
				ORGANIZATIONNAME = SamuelFolledo;
				TargetAttributes = {
					335233872452768E0056EA8E = {
						CreatedOnToolsVersion = 11.4.1;
					};
				};
			};
			buildConfigurationList = 335233832452768E0056EA8E /* Build configuration list for PBXProject "NewsApp" */;
			compatibilityVersion = "Xcode 9.3";
			developmentRegion = en;
			hasScannedForEncodings = 0;
			knownRegions = (
				en,
				Base,
			);
			mainGroup = 3352337F2452768E0056EA8E;
			productRefGroup = 335233892452768E0056EA8E /* Products */;
			projectDirPath = "";
			projectRoot = "";
			targets = (
				335233872452768E0056EA8E /* NewsApp */,
			);
		};
/* End PBXProject section */

/* Begin PBXResourcesBuildPhase section */
		335233862452768E0056EA8E /* Resources */ = {
			isa = PBXResourcesBuildPhase;
			buildActionMask = 2147483647;
			files = (
				335233982452768F0056EA8E /* LaunchScreen.storyboard in Resources */,
				335233952452768F0056EA8E /* Assets.xcassets in Resources */,
				335233932452768E0056EA8E /* Main.storyboard in Resources */,
			);
			runOnlyForDeploymentPostprocessing = 0;
		};
/* End PBXResourcesBuildPhase section */

/* Begin PBXSourcesBuildPhase section */
		335233842452768E0056EA8E /* Sources */ = {
			isa = PBXSourcesBuildPhase;
			buildActionMask = 2147483647;
			files = (
				335233BC2452803C0056EA8E /* UIButton+extensions.swift in Sources */,
				335233C82452803C0056EA8E /* Constants.swift in Sources */,
				335233D22452CAF50056EA8E /* Storyboarded.swift in Sources */,
				335233C02452803C0056EA8E /* UIBarButton+extensions.swift in Sources */,
				335233902452768E0056EA8E /* HomeVC.swift in Sources */,
				335233C32452803C0056EA8E /* UIStackView+extensions.swift in Sources */,
				335233C12452803C0056EA8E /* UINavigationController+extensions.swift in Sources */,
				335233BE2452803C0056EA8E /* UITabBarController+extensions.swift in Sources */,
				335233C22452803C0056EA8E /* NSObject+extensions.swift in Sources */,
				335233D02452CA200056EA8E /* Coordinator.swift in Sources */,
				335233DA245372A70056EA8E /* NewsCell.swift in Sources */,
				335233DE2453744D0056EA8E /* Category.swift in Sources */,
				3352338C2452768E0056EA8E /* AppDelegate.swift in Sources */,
				335233B92452803C0056EA8E /* SettingsService.swift in Sources */,
				3352338E2452768E0056EA8E /* SceneDelegate.swift in Sources */,
				335233BB2452803C0056EA8E /* UIViewController+extensions.swift in Sources */,
				335233C52452803C0056EA8E /* UIScrollView+extensions.swift in Sources */,
				335233DC245372B70056EA8E /* CategoryCell.swift in Sources */,
				335233BF2452803C0056EA8E /* UIColor+extensions.swift in Sources */,
				335233C72452803C0056EA8E /* UITextField+extensions.swift in Sources */,
				335233C62452803C0056EA8E /* Date+extensions.swift in Sources */,
				335233BD2452803C0056EA8E /* UIView+extensions.swift in Sources */,
				335233CA2452803C0056EA8E /* PersistenceLayer.swift in Sources */,
				335233C92452803C0056EA8E /* Service.swift in Sources */,
				335233D8245372450056EA8E /* News.swift in Sources */,
				335233C42452803C0056EA8E /* UILayoutGuide+extensions.swift in Sources */,
				335233BA2452803C0056EA8E /* UIImageView+extensions.swift in Sources */,
				335233CC2452821E0056EA8E /* NewsListVC.swift in Sources */,
				335233CE2452822C0056EA8E /* NewsDetailVC.swift in Sources */,
				335233E02453C1970056EA8E /* CategoryFlowLayout.swift in Sources */,
				335233D62452CD5A0056EA8E /* MainCoordinator.swift in Sources */,
			);
			runOnlyForDeploymentPostprocessing = 0;
		};
/* End PBXSourcesBuildPhase section */

/* Begin PBXVariantGroup section */
		335233912452768E0056EA8E /* Main.storyboard */ = {
			isa = PBXVariantGroup;
			children = (
				335233922452768E0056EA8E /* Base */,
			);
			name = Main.storyboard;
			sourceTree = "<group>";
		};
		335233962452768F0056EA8E /* LaunchScreen.storyboard */ = {
			isa = PBXVariantGroup;
			children = (
				335233972452768F0056EA8E /* Base */,
			);
			name = LaunchScreen.storyboard;
			sourceTree = "<group>";
		};
/* End PBXVariantGroup section */

/* Begin XCBuildConfiguration section */
		3352339A2452768F0056EA8E /* Debug */ = {
			isa = XCBuildConfiguration;
			buildSettings = {
				ALWAYS_SEARCH_USER_PATHS = NO;
				CLANG_ANALYZER_NONNULL = YES;
				CLANG_ANALYZER_NUMBER_OBJECT_CONVERSION = YES_AGGRESSIVE;
				CLANG_CXX_LANGUAGE_STANDARD = "gnu++14";
				CLANG_CXX_LIBRARY = "libc++";
				CLANG_ENABLE_MODULES = YES;
				CLANG_ENABLE_OBJC_ARC = YES;
				CLANG_ENABLE_OBJC_WEAK = YES;
				CLANG_WARN_BLOCK_CAPTURE_AUTORELEASING = YES;
				CLANG_WARN_BOOL_CONVERSION = YES;
				CLANG_WARN_COMMA = YES;
				CLANG_WARN_CONSTANT_CONVERSION = YES;
				CLANG_WARN_DEPRECATED_OBJC_IMPLEMENTATIONS = YES;
				CLANG_WARN_DIRECT_OBJC_ISA_USAGE = YES_ERROR;
				CLANG_WARN_DOCUMENTATION_COMMENTS = YES;
				CLANG_WARN_EMPTY_BODY = YES;
				CLANG_WARN_ENUM_CONVERSION = YES;
				CLANG_WARN_INFINITE_RECURSION = YES;
				CLANG_WARN_INT_CONVERSION = YES;
				CLANG_WARN_NON_LITERAL_NULL_CONVERSION = YES;
				CLANG_WARN_OBJC_IMPLICIT_RETAIN_SELF = YES;
				CLANG_WARN_OBJC_LITERAL_CONVERSION = YES;
				CLANG_WARN_OBJC_ROOT_CLASS = YES_ERROR;
				CLANG_WARN_RANGE_LOOP_ANALYSIS = YES;
				CLANG_WARN_STRICT_PROTOTYPES = YES;
				CLANG_WARN_SUSPICIOUS_MOVE = YES;
				CLANG_WARN_UNGUARDED_AVAILABILITY = YES_AGGRESSIVE;
				CLANG_WARN_UNREACHABLE_CODE = YES;
				CLANG_WARN__DUPLICATE_METHOD_MATCH = YES;
				COPY_PHASE_STRIP = NO;
				DEBUG_INFORMATION_FORMAT = dwarf;
				ENABLE_STRICT_OBJC_MSGSEND = YES;
				ENABLE_TESTABILITY = YES;
				GCC_C_LANGUAGE_STANDARD = gnu11;
				GCC_DYNAMIC_NO_PIC = NO;
				GCC_NO_COMMON_BLOCKS = YES;
				GCC_OPTIMIZATION_LEVEL = 0;
				GCC_PREPROCESSOR_DEFINITIONS = (
					"DEBUG=1",
					"$(inherited)",
				);
				GCC_WARN_64_TO_32_BIT_CONVERSION = YES;
				GCC_WARN_ABOUT_RETURN_TYPE = YES_ERROR;
				GCC_WARN_UNDECLARED_SELECTOR = YES;
				GCC_WARN_UNINITIALIZED_AUTOS = YES_AGGRESSIVE;
				GCC_WARN_UNUSED_FUNCTION = YES;
				GCC_WARN_UNUSED_VARIABLE = YES;
				IPHONEOS_DEPLOYMENT_TARGET = 13.4;
				MTL_ENABLE_DEBUG_INFO = INCLUDE_SOURCE;
				MTL_FAST_MATH = YES;
				ONLY_ACTIVE_ARCH = YES;
				SDKROOT = iphoneos;
				SWIFT_ACTIVE_COMPILATION_CONDITIONS = DEBUG;
				SWIFT_OPTIMIZATION_LEVEL = "-Onone";
			};
			name = Debug;
		};
		3352339B2452768F0056EA8E /* Release */ = {
			isa = XCBuildConfiguration;
			buildSettings = {
				ALWAYS_SEARCH_USER_PATHS = NO;
				CLANG_ANALYZER_NONNULL = YES;
				CLANG_ANALYZER_NUMBER_OBJECT_CONVERSION = YES_AGGRESSIVE;
				CLANG_CXX_LANGUAGE_STANDARD = "gnu++14";
				CLANG_CXX_LIBRARY = "libc++";
				CLANG_ENABLE_MODULES = YES;
				CLANG_ENABLE_OBJC_ARC = YES;
				CLANG_ENABLE_OBJC_WEAK = YES;
				CLANG_WARN_BLOCK_CAPTURE_AUTORELEASING = YES;
				CLANG_WARN_BOOL_CONVERSION = YES;
				CLANG_WARN_COMMA = YES;
				CLANG_WARN_CONSTANT_CONVERSION = YES;
				CLANG_WARN_DEPRECATED_OBJC_IMPLEMENTATIONS = YES;
				CLANG_WARN_DIRECT_OBJC_ISA_USAGE = YES_ERROR;
				CLANG_WARN_DOCUMENTATION_COMMENTS = YES;
				CLANG_WARN_EMPTY_BODY = YES;
				CLANG_WARN_ENUM_CONVERSION = YES;
				CLANG_WARN_INFINITE_RECURSION = YES;
				CLANG_WARN_INT_CONVERSION = YES;
				CLANG_WARN_NON_LITERAL_NULL_CONVERSION = YES;
				CLANG_WARN_OBJC_IMPLICIT_RETAIN_SELF = YES;
				CLANG_WARN_OBJC_LITERAL_CONVERSION = YES;
				CLANG_WARN_OBJC_ROOT_CLASS = YES_ERROR;
				CLANG_WARN_RANGE_LOOP_ANALYSIS = YES;
				CLANG_WARN_STRICT_PROTOTYPES = YES;
				CLANG_WARN_SUSPICIOUS_MOVE = YES;
				CLANG_WARN_UNGUARDED_AVAILABILITY = YES_AGGRESSIVE;
				CLANG_WARN_UNREACHABLE_CODE = YES;
				CLANG_WARN__DUPLICATE_METHOD_MATCH = YES;
				COPY_PHASE_STRIP = NO;
				DEBUG_INFORMATION_FORMAT = "dwarf-with-dsym";
				ENABLE_NS_ASSERTIONS = NO;
				ENABLE_STRICT_OBJC_MSGSEND = YES;
				GCC_C_LANGUAGE_STANDARD = gnu11;
				GCC_NO_COMMON_BLOCKS = YES;
				GCC_WARN_64_TO_32_BIT_CONVERSION = YES;
				GCC_WARN_ABOUT_RETURN_TYPE = YES_ERROR;
				GCC_WARN_UNDECLARED_SELECTOR = YES;
				GCC_WARN_UNINITIALIZED_AUTOS = YES_AGGRESSIVE;
				GCC_WARN_UNUSED_FUNCTION = YES;
				GCC_WARN_UNUSED_VARIABLE = YES;
				IPHONEOS_DEPLOYMENT_TARGET = 13.4;
				MTL_ENABLE_DEBUG_INFO = NO;
				MTL_FAST_MATH = YES;
				SDKROOT = iphoneos;
				SWIFT_COMPILATION_MODE = wholemodule;
				SWIFT_OPTIMIZATION_LEVEL = "-O";
				VALIDATE_PRODUCT = YES;
			};
			name = Release;
		};
		3352339D2452768F0056EA8E /* Debug */ = {
			isa = XCBuildConfiguration;
			buildSettings = {
				ASSETCATALOG_COMPILER_APPICON_NAME = AppIcon;
				CODE_SIGN_STYLE = Automatic;
				DEVELOPMENT_TEAM = 9NY68F4K3P;
				INFOPLIST_FILE = NewsApp/Info.plist;
				LD_RUNPATH_SEARCH_PATHS = (
					"$(inherited)",
					"@executable_path/Frameworks",
				);
				PRODUCT_BUNDLE_IDENTIFIER = SamuelFolledo.NewsApp;
				PRODUCT_NAME = "$(TARGET_NAME)";
				SWIFT_VERSION = 5.0;
				TARGETED_DEVICE_FAMILY = "1,2";
			};
			name = Debug;
		};
		3352339E2452768F0056EA8E /* Release */ = {
			isa = XCBuildConfiguration;
			buildSettings = {
				ASSETCATALOG_COMPILER_APPICON_NAME = AppIcon;
				CODE_SIGN_STYLE = Automatic;
				DEVELOPMENT_TEAM = 9NY68F4K3P;
				INFOPLIST_FILE = NewsApp/Info.plist;
				LD_RUNPATH_SEARCH_PATHS = (
					"$(inherited)",
					"@executable_path/Frameworks",
				);
				PRODUCT_BUNDLE_IDENTIFIER = SamuelFolledo.NewsApp;
				PRODUCT_NAME = "$(TARGET_NAME)";
				SWIFT_VERSION = 5.0;
				TARGETED_DEVICE_FAMILY = "1,2";
			};
			name = Release;
		};
/* End XCBuildConfiguration section */

/* Begin XCConfigurationList section */
		335233832452768E0056EA8E /* Build configuration list for PBXProject "NewsApp" */ = {
			isa = XCConfigurationList;
			buildConfigurations = (
				3352339A2452768F0056EA8E /* Debug */,
				3352339B2452768F0056EA8E /* Release */,
			);
			defaultConfigurationIsVisible = 0;
			defaultConfigurationName = Release;
		};
		3352339C2452768F0056EA8E /* Build configuration list for PBXNativeTarget "NewsApp" */ = {
			isa = XCConfigurationList;
			buildConfigurations = (
				3352339D2452768F0056EA8E /* Debug */,
				3352339E2452768F0056EA8E /* Release */,
			);
			defaultConfigurationIsVisible = 0;
			defaultConfigurationName = Release;
		};
/* End XCConfigurationList section */
	};
	rootObject = 335233802452768E0056EA8E /* Project object */;
}
